
Microsoft Visual Studio Solution File, Format Version 12.00
# Visual Studio Version 17
VisualStudioVersion = 17.9.34728.123
MinimumVisualStudioVersion = 10.0.40219.1
Project("{FAE04EC0-301F-11D3-BF4B-00C04F79EFBC}") = "ECommerce.WebAPI", "ECommerce.WebAPI.csproj", "{7FD2C7A4-F5BE-4313-B54C-A5D1D822A34B}"
EndProject
Global
	GlobalSection(SolutionConfigurationPlatforms) = preSolution
		Debug|Any CPU = Debug|Any CPU
		Release|Any CPU = Release|Any CPU
	EndGlobalSection
	GlobalSection(ProjectConfigurationPlatforms) = postSolution
		{7FD2C7A4-F5BE-4313-B54C-A5D1D822A34B}.Debug|Any CPU.ActiveCfg = Debug|Any CPU
		{7FD2C7A4-F5BE-4313-B54C-A5D1D822A34B}.Debug|Any CPU.Build.0 = Debug|Any CPU
		{7FD2C7A4-F5BE-4313-B54C-A5D1D822A34B}.Release|Any CPU.ActiveCfg = Release|Any CPU
		{7FD2C7A4-F5BE-4313-B54C-A5D1D822A34B}.Release|Any CPU.Build.0 = Release|Any CPU
	EndGlobalSection
	GlobalSection(SolutionProperties) = preSolution
		HideSolutionNode = FALSE
	EndGlobalSection
	GlobalSection(ExtensibilityGlobals) = postSolution
		SolutionGuid = {3A250B97-2BB7-4A6B-BB2D-FE1538A6CED6}
	EndGlobalSection
EndGlobal
